
Microsoft Visual Studio Solution File, Format Version 12.00
# Visual Studio 15
VisualStudioVersion = 15.0.27130.2010
MinimumVisualStudioVersion = 10.0.40219.1
Project("{9A19103F-16F7-4668-BE54-9A1E7A4F7556}") = "Borlay.Iota.Library", "Borlay.Iota.Library\Borlay.Iota.Library.csproj", "{0492A4BD-7D88-4445-B21C-2BBC02D6F267}"
EndProject
Project("{9A19103F-16F7-4668-BE54-9A1E7A4F7556}") = "Borlay.Iota.Library.Tests", "Borlay.Iota.Library.Tests\Borlay.Iota.Library.Tests.csproj", "{A1A37EAF-9604-42B9-9C3A-26CE1BB29EE6}"
EndProject
Project("{FAE04EC0-301F-11D3-BF4B-00C04F79EFBC}") = "SampleConsoleApp", "SampleConsoleApp\SampleConsoleApp.csproj", "{A6ED3956-0596-4DE6-AF9D-1C82F324538C}"
EndProject
Global
	GlobalSection(SolutionConfigurationPlatforms) = preSolution
		Debug|Any CPU = Debug|Any CPU
		Release|Any CPU = Release|Any CPU
	EndGlobalSection
	GlobalSection(ProjectConfigurationPlatforms) = postSolution
		{0492A4BD-7D88-4445-B21C-2BBC02D6F267}.Debug|Any CPU.ActiveCfg = Debug|Any CPU
		{0492A4BD-7D88-4445-B21C-2BBC02D6F267}.Debug|Any CPU.Build.0 = Debug|Any CPU
		{0492A4BD-7D88-4445-B21C-2BBC02D6F267}.Release|Any CPU.ActiveCfg = Release|Any CPU
		{0492A4BD-7D88-4445-B21C-2BBC02D6F267}.Release|Any CPU.Build.0 = Release|Any CPU
		{A1A37EAF-9604-42B9-9C3A-26CE1BB29EE6}.Debug|Any CPU.ActiveCfg = Debug|Any CPU
		{A1A37EAF-9604-42B9-9C3A-26CE1BB29EE6}.Debug|Any CPU.Build.0 = Debug|Any CPU
		{A1A37EAF-9604-42B9-9C3A-26CE1BB29EE6}.Release|Any CPU.ActiveCfg = Release|Any CPU
		{A1A37EAF-9604-42B9-9C3A-26CE1BB29EE6}.Release|Any CPU.Build.0 = Release|Any CPU
		{A6ED3956-0596-4DE6-AF9D-1C82F324538C}.Debug|Any CPU.ActiveCfg = Debug|Any CPU
		{A6ED3956-0596-4DE6-AF9D-1C82F324538C}.Debug|Any CPU.Build.0 = Debug|Any CPU
		{A6ED3956-0596-4DE6-AF9D-1C82F324538C}.Release|Any CPU.ActiveCfg = Release|Any CPU
		{A6ED3956-0596-4DE6-AF9D-1C82F324538C}.Release|Any CPU.Build.0 = Release|Any CPU
	EndGlobalSection
	GlobalSection(SolutionProperties) = preSolution
		HideSolutionNode = FALSE
	EndGlobalSection
	GlobalSection(ExtensibilityGlobals) = postSolution
		SolutionGuid = {BB501703-EBB1-49DF-899D-D91E743AFC98}
	EndGlobalSection
EndGlobal
